<?xml version="1.0" encoding="utf-8"?>
<Project ToolsVersion="4.0" xmlns="http://schemas.microsoft.com/developer/msbuild/2003">
  <ItemGroup>
    <Filter Include="Fichiers sources">
      <UniqueIdentifier>{4FC737F1-C7A5-4376-A066-2A32D752A2FF}</UniqueIdentifier>
      <Extensions>cpp;c;cc;cxx;def;odl;idl;hpj;bat;asm;asmx</Extensions>
    </Filter>
    <Filter Include="Fichiers d%27en-tête">
      <UniqueIdentifier>{93995380-89BD-4b04-88EB-625FBE52EBFB}</UniqueIdentifier>
      <Extensions>h;hh;hpp;hxx;hm;inl;inc;ipp;xsd</Extensions>
    </Filter>
    <Filter Include="Fichiers Ressources">
      <UniqueIdentifier>{67DA6AB6-F800-4c08-8B7A-83BB121AAD01}</UniqueIdentifier>
      <Extensions>rc;ico;cur;bmp;dlg;rc2;rct;bin;rgs;gif;jpg;jpeg;jpe;resx;tiff;tif;png;wav;mfcribbon-ms</Extensions>
    </Filter>
    <Filter Include="Fichiers Ressources\images">
      <UniqueIdentifier>{01f597c8-b1d1-4f5d-93f7-4240c89f91cc}</UniqueIdentifier>
    </Filter>
    <Filter Include="Fichiers Ressources\include">
      <UniqueIdentifier>{d64d7b27-a5ec-40cd-827b-c87fe336c1e1}</UniqueIdentifier>
    </Filter>
  </ItemGroup>
  <ItemGroup>
    <ClCompile Include="main.cpp">
      <Filter>Fichiers sources</Filter>
    </ClCompile>
    <ClCompile Include="Game.cpp">
      <Filter>Fichiers sources</Filter>
    </ClCompile>
    <ClCompile Include="Bateau.cpp">
      <Filter>Fichiers sources</Filter>
    </ClCompile>
    <ClCompile Include="Demo.cpp">
      <Filter>Fichiers sources</Filter>
    </ClCompile>
    <ClCompile Include="Curseur.cpp">
      <Filter>Fichiers sources</Filter>
    </ClCompile>
  </ItemGroup>
  <ItemGroup>
    <ClInclude Include="Game.h">
      <Filter>Fichiers d%27en-tête</Filter>
    </ClInclude>
    <ClInclude Include="include\begin_code.h">
      <Filter>Fichiers Ressources\include</Filter>
    </ClInclude>
    <ClInclude Include="include\close_code.h">
      <Filter>Fichiers Ressources\include</Filter>
    </ClInclude>
    <ClInclude Include="include\SDL.h">
      <Filter>Fichiers Ressources\include</Filter>
    </ClInclude>
    <ClInclude Include="include\SDL_assert.h">
      <Filter>Fichiers Ressources\include</Filter>
    </ClInclude>
    <ClInclude Include="include\SDL_atomic.h">
      <Filter>Fichiers Ressources\include</Filter>
    </ClInclude>
    <ClInclude Include="include\SDL_audio.h">
      <Filter>Fichiers Ressources\include</Filter>
    </ClInclude>
    <ClInclude Include="include\SDL_bits.h">
      <Filter>Fichiers Ressources\include</Filter>
    </ClInclude>
    <ClInclude Include="include\SDL_blendmode.h">
      <Filter>Fichiers Ressources\include</Filter>
    </ClInclude>
    <ClInclude Include="include\SDL_clipboard.h">
      <Filter>Fichiers Ressources\include</Filter>
    </ClInclude>
    <ClInclude Include="include\SDL_config.h">
      <Filter>Fichiers Ressources\include</Filter>
    </ClInclude>
    <ClInclude Include="include\SDL_config_android.h">
      <Filter>Fichiers Ressources\include</Filter>
    </ClInclude>
    <ClInclude Include="include\SDL_config_iphoneos.h">
      <Filter>Fichiers Ressources\include</Filter>
    </ClInclude>
    <ClInclude Include="include\SDL_config_macosx.h">
      <Filter>Fichiers Ressources\include</Filter>
    </ClInclude>
    <ClInclude Include="include\SDL_config_minimal.h">
      <Filter>Fichiers Ressources\include</Filter>
    </ClInclude>
    <ClInclude Include="include\SDL_config_pandora.h">
      <Filter>Fichiers Ressources\include</Filter>
    </ClInclude>
    <ClInclude Include="include\SDL_config_psp.h">
      <Filter>Fichiers Ressources\include</Filter>
    </ClInclude>
    <ClInclude Include="include\SDL_config_windows.h">
      <Filter>Fichiers Ressources\include</Filter>
    </ClInclude>
    <ClInclude Include="include\SDL_config_winrt.h">
      <Filter>Fichiers Ressources\include</Filter>
    </ClInclude>
    <ClInclude Include="include\SDL_config_wiz.h">
      <Filter>Fichiers Ressources\include</Filter>
    </ClInclude>
    <ClInclude Include="include\SDL_copying.h">
      <Filter>Fichiers Ressources\include</Filter>
    </ClInclude>
    <ClInclude Include="include\SDL_cpuinfo.h">
      <Filter>Fichiers Ressources\include</Filter>
    </ClInclude>
    <ClInclude Include="include\SDL_egl.h">
      <Filter>Fichiers Ressources\include</Filter>
    </ClInclude>
    <ClInclude Include="include\SDL_endian.h">
      <Filter>Fichiers Ressources\include</Filter>
    </ClInclude>
    <ClInclude Include="include\SDL_error.h">
      <Filter>Fichiers Ressources\include</Filter>
    </ClInclude>
    <ClInclude Include="include\SDL_events.h">
      <Filter>Fichiers Ressources\include</Filter>
    </ClInclude>
    <ClInclude Include="include\SDL_filesystem.h">
      <Filter>Fichiers Ressources\include</Filter>
    </ClInclude>
    <ClInclude Include="include\SDL_gamecontroller.h">
      <Filter>Fichiers Ressources\include</Filter>
    </ClInclude>
    <ClInclude Include="include\SDL_gesture.h">
      <Filter>Fichiers Ressources\include</Filter>
    </ClInclude>
    <ClInclude Include="include\SDL_haptic.h">
      <Filter>Fichiers Ressources\include</Filter>
    </ClInclude>
    <ClInclude Include="include\SDL_hints.h">
      <Filter>Fichiers Ressources\include</Filter>
    </ClInclude>
    <ClInclude Include="include\SDL_image.h">
      <Filter>Fichiers Ressources\include</Filter>
    </ClInclude>
    <ClInclude Include="include\SDL_joystick.h">
      <Filter>Fichiers Ressources\include</Filter>
    </ClInclude>
    <ClInclude Include="include\SDL_keyboard.h">
      <Filter>Fichiers Ressources\include</Filter>
    </ClInclude>
    <ClInclude Include="include\SDL_keycode.h">
      <Filter>Fichiers Ressources\include</Filter>
    </ClInclude>
    <ClInclude Include="include\SDL_loadso.h">
      <Filter>Fichiers Ressources\include</Filter>
    </ClInclude>
    <ClInclude Include="include\SDL_log.h">
      <Filter>Fichiers Ressources\include</Filter>
    </ClInclude>
    <ClInclude Include="include\SDL_main.h">
      <Filter>Fichiers Ressources\include</Filter>
    </ClInclude>
    <ClInclude Include="include\SDL_messagebox.h">
      <Filter>Fichiers Ressources\include</Filter>
    </ClInclude>
    <ClInclude Include="include\SDL_mixer.h">
      <Filter>Fichiers Ressources\include</Filter>
    </ClInclude>
    <ClInclude Include="include\SDL_mouse.h">
      <Filter>Fichiers Ressources\include</Filter>
    </ClInclude>
    <ClInclude Include="include\SDL_mutex.h">
      <Filter>Fichiers Ressources\include</Filter>
    </ClInclude>
    <ClInclude Include="include\SDL_name.h">
      <Filter>Fichiers Ressources\include</Filter>
    </ClInclude>
    <ClInclude Include="include\SDL_opengl.h">
      <Filter>Fichiers Ressources\include</Filter>
    </ClInclude>
    <ClInclude Include="include\SDL_opengl_glext.h">
      <Filter>Fichiers Ressources\include</Filter>
    </ClInclude>
    <ClInclude Include="include\SDL_opengles.h">
      <Filter>Fichiers Ressources\include</Filter>
    </ClInclude>
    <ClInclude Include="include\SDL_opengles2.h">
      <Filter>Fichiers Ressources\include</Filter>
    </ClInclude>
    <ClInclude Include="include\SDL_opengles2_gl2.h">
      <Filter>Fichiers Ressources\include</Filter>
    </ClInclude>
    <ClInclude Include="include\SDL_opengles2_gl2ext.h">
      <Filter>Fichiers Ressources\include</Filter>
    </ClInclude>
    <ClInclude Include="include\SDL_opengles2_gl2platform.h">
      <Filter>Fichiers Ressources\include</Filter>
    </ClInclude>
    <ClInclude Include="include\SDL_opengles2_khrplatform.h">
      <Filter>Fichiers Ressources\include</Filter>
    </ClInclude>
    <ClInclude Include="include\SDL_pixels.h">
      <Filter>Fichiers Ressources\include</Filter>
    </ClInclude>
    <ClInclude Include="include\SDL_platform.h">
      <Filter>Fichiers Ressources\include</Filter>
    </ClInclude>
    <ClInclude Include="include\SDL_power.h">
      <Filter>Fichiers Ressources\include</Filter>
    </ClInclude>
    <ClInclude Include="include\SDL_quit.h">
      <Filter>Fichiers Ressources\include</Filter>
    </ClInclude>
    <ClInclude Include="include\SDL_rect.h">
      <Filter>Fichiers Ressources\include</Filter>
    </ClInclude>
    <ClInclude Include="include\SDL_render.h">
      <Filter>Fichiers Ressources\include</Filter>
    </ClInclude>
    <ClInclude Include="include\SDL_revision.h">
      <Filter>Fichiers Ressources\include</Filter>
    </ClInclude>
    <ClInclude Include="include\SDL_rwops.h">
      <Filter>Fichiers Ressources\include</Filter>
    </ClInclude>
    <ClInclude Include="include\SDL_scancode.h">
      <Filter>Fichiers Ressources\include</Filter>
    </ClInclude>
    <ClInclude Include="include\SDL_sensor.h">
      <Filter>Fichiers Ressources\include</Filter>
    </ClInclude>
    <ClInclude Include="include\SDL_shape.h">
      <Filter>Fichiers Ressources\include</Filter>
    </ClInclude>
    <ClInclude Include="include\SDL_stdinc.h">
      <Filter>Fichiers Ressources\include</Filter>
    </ClInclude>
    <ClInclude Include="include\SDL_surface.h">
      <Filter>Fichiers Ressources\include</Filter>
    </ClInclude>
    <ClInclude Include="include\SDL_system.h">
      <Filter>Fichiers Ressources\include</Filter>
    </ClInclude>
    <ClInclude Include="include\SDL_syswm.h">
      <Filter>Fichiers Ressources\include</Filter>
    </ClInclude>
    <ClInclude Include="include\SDL_test.h">
      <Filter>Fichiers Ressources\include</Filter>
    </ClInclude>
    <ClInclude Include="include\SDL_test_assert.h">
      <Filter>Fichiers Ressources\include</Filter>
    </ClInclude>
    <ClInclude Include="include\SDL_test_common.h">
      <Filter>Fichiers Ressources\include</Filter>
    </ClInclude>
    <ClInclude Include="include\SDL_test_compare.h">
      <Filter>Fichiers Ressources\include</Filter>
    </ClInclude>
    <ClInclude Include="include\SDL_test_crc32.h">
      <Filter>Fichiers Ressources\include</Filter>
    </ClInclude>
    <ClInclude Include="include\SDL_test_font.h">
      <Filter>Fichiers Ressources\include</Filter>
    </ClInclude>
    <ClInclude Include="include\SDL_test_fuzzer.h">
      <Filter>Fichiers Ressources\include</Filter>
    </ClInclude>
    <ClInclude Include="include\SDL_test_harness.h">
      <Filter>Fichiers Ressources\include</Filter>
    </ClInclude>
    <ClInclude Include="include\SDL_test_images.h">
      <Filter>Fichiers Ressources\include</Filter>
    </ClInclude>
    <ClInclude Include="include\SDL_test_log.h">
      <Filter>Fichiers Ressources\include</Filter>
    </ClInclude>
    <ClInclude Include="include\SDL_test_md5.h">
      <Filter>Fichiers Ressources\include</Filter>
    </ClInclude>
    <ClInclude Include="include\SDL_test_memory.h">
      <Filter>Fichiers Ressources\include</Filter>
    </ClInclude>
    <ClInclude Include="include\SDL_test_random.h">
      <Filter>Fichiers Ressources\include</Filter>
    </ClInclude>
    <ClInclude Include="include\SDL_thread.h">
      <Filter>Fichiers Ressources\include</Filter>
    </ClInclude>
    <ClInclude Include="include\SDL_timer.h">
      <Filter>Fichiers Ressources\include</Filter>
    </ClInclude>
    <ClInclude Include="include\SDL_touch.h">
      <Filter>Fichiers Ressources\include</Filter>
    </ClInclude>
    <ClInclude Include="include\SDL_ttf.h">
      <Filter>Fichiers Ressources\include</Filter>
    </ClInclude>
    <ClInclude Include="include\SDL_types.h">
      <Filter>Fichiers Ressources\include</Filter>
    </ClInclude>
    <ClInclude Include="include\SDL_version.h">
      <Filter>Fichiers Ressources\include</Filter>
    </ClInclude>
    <ClInclude Include="include\SDL_video.h">
      <Filter>Fichiers Ressources\include</Filter>
    </ClInclude>
    <ClInclude Include="include\SDL_vulkan.h">
      <Filter>Fichiers Ressources\include</Filter>
    </ClInclude>
    <ClInclude Include="Bateau.h">
      <Filter>Fichiers d%27en-tête</Filter>
    </ClInclude>
    <ClInclude Include="Demo.h">
      <Filter>Fichiers d%27en-tête</Filter>
    </ClInclude>
    <ClInclude Include="Curseur.h">
      <Filter>Fichiers d%27en-tête</Filter>
    </ClInclude>
  </ItemGroup>
  <ItemGroup>
    <Image Include="images\fond.png">
      <Filter>Fichiers Ressources\images</Filter>
    </Image>
    <Image Include="images\ShipBattleshipHull.png">
      <Filter>Fichiers Ressources\images</Filter>
    </Image>
    <Image Include="images\ShipCarrierHull.png">
      <Filter>Fichiers Ressources\images</Filter>
    </Image>
    <Image Include="images\ShipDestroyerHull.png">
      <Filter>Fichiers Ressources\images</Filter>
    </Image>
    <Image Include="images\ShipPatrolHull.png">
      <Filter>Fichiers Ressources\images</Filter>
    </Image>
    <Image Include="images\ShipSubMarineHull.png">
      <Filter>Fichiers Ressources\images</Filter>
    </Image>
    <Image Include="images\fond.bmp">
      <Filter>Fichiers Ressources\images</Filter>
    </Image>
    <Image Include="images\blanc.png">
      <Filter>Fichiers Ressources\images</Filter>
    </Image>
    <Image Include="images\noir.png">
      <Filter>Fichiers Ressources\images</Filter>
    </Image>
    <Image Include="images\rouge.png">
      <Filter>Fichiers Ressources\images</Filter>
    </Image>
  </ItemGroup>
  <ItemGroup>
    <None Include="include\SDL_config.h.cmake">
      <Filter>Fichiers Ressources\include</Filter>
    </None>
    <None Include="include\SDL_config.h.in">
      <Filter>Fichiers Ressources\include</Filter>
    </None>
    <None Include="include\SDL_config_macosx.h.orig">
      <Filter>Fichiers Ressources\include</Filter>
    </None>
  </ItemGroup>
</Project>